Microsoft Visual Studio Solution File, Format Version 12.00
# Visual Studio Version 17
VisualStudioVersion = 17.5.2.0
MinimumVisualStudioVersion = 10.0.40219.1
Project("{FAE04EC0-301F-11D3-BF4B-00C04F79EFBC}") = "FourGameBlazor", "FourGameBlazor.csproj", "{D3B69E8C-B74E-3AAC-6E50-ED0E16C92947}"
EndProject
Global
	GlobalSection(SolutionConfigurationPlatforms) = preSolution
		Debug|Any CPU = Debug|Any CPU
		Release|Any CPU = Release|Any CPU
	EndGlobalSection
	GlobalSection(ProjectConfigurationPlatforms) = postSolution
		{D3B69E8C-B74E-3AAC-6E50-ED0E16C92947}.Debug|Any CPU.ActiveCfg = Debug|Any CPU
		{D3B69E8C-B74E-3AAC-6E50-ED0E16C92947}.Debug|Any CPU.Build.0 = Debug|Any CPU
		{D3B69E8C-B74E-3AAC-6E50-ED0E16C92947}.Release|Any CPU.ActiveCfg = Release|Any CPU
		{D3B69E8C-B74E-3AAC-6E50-ED0E16C92947}.Release|Any CPU.Build.0 = Release|Any CPU
	EndGlobalSection
	GlobalSection(SolutionProperties) = preSolution
		HideSolutionNode = FALSE
	EndGlobalSection
	GlobalSection(ExtensibilityGlobals) = postSolution
		SolutionGuid = {63931F59-8345-4F1F-9F15-C5E2CF372C0A}
	EndGlobalSection
EndGlobal
